<?xml version="1.0" encoding="UTF-8" standalone="yes" ?>
<CodeBlocks_project_file>
	<FileVersion major="1" minor="6" />
	<Project>
		<Option title="poCker-tests" />
		<Option pch_mode="2" />
		<Option compiler="gcc" />
		<Build>
			<Target title="Debug">
				<Option output="bin/Debug/poCker-tests" prefix_auto="1" extension_auto="1" />
				<Option object_output="obj/Debug/" />
				<Option type="1" />
				<Option compiler="gcc" />
				<Compiler>
					<Add option="-Wall" />
					<Add option="-std=c99" />
					<Add option="-g" />
				</Compiler>
				<ExtraCommands>
					<Add after='cmd /c copy &quot;loc.txt&quot; &quot;$(TARGET_OUTPUT_DIR)loc.txt&quot;' />
					<Mode after="always" />
				</ExtraCommands>
			</Target>
		</Build>
		<Compiler>
			<Add option="-Wall" />
		</Compiler>
		<Unit filename="loc.txt" />
		<Unit filename="src/dealer.c">
			<Option compilerVar="CC" />
		</Unit>
		<Unit filename="src/dealer.h" />
		<Unit filename="src/gamerules.c">
			<Option compilerVar="CC" />
		</Unit>
		<Unit filename="src/gamerules.h" />
		<Unit filename="src/gamestate.c">
			<Option compilerVar="CC" />
		</Unit>
		<Unit filename="src/gamestate.h" />
		<Unit filename="src/handranking.c">
			<Option compilerVar="CC" />
		</Unit>
		<Unit filename="src/handranking.h" />
		<Unit filename="src/messages.c">
			<Option compilerVar="CC" />
		</Unit>
		<Unit filename="src/messages.h" />
		<Unit filename="src/player.c">
			<Option compilerVar="CC" />
		</Unit>
		<Unit filename="src/player.h" />
		<Unit filename="src/playerio.c">
			<Option compilerVar="CC" />
		</Unit>
		<Unit filename="src/playerio.h" />
		<Unit filename="src/playingcard.c">
			<Option compilerVar="CC" />
		</Unit>
		<Unit filename="src/playingcard.h" />
		<Unit filename="src/playingcard_enums.h" />
		<Unit filename="src/utils.c">
			<Option compilerVar="CC" />
		</Unit>
		<Unit filename="src/utils.h" />
		<Unit filename="test/AllTests.c">
			<Option compilerVar="CC" />
		</Unit>
		<Unit filename="test/CuTest.c">
			<Option compilerVar="CC" />
		</Unit>
		<Unit filename="test/CuTest.h" />
		<Unit filename="test/README.txt" />
		<Unit filename="test/test_dealer.c">
			<Option compilerVar="CC" />
		</Unit>
		<Unit filename="test/test_gamestate.c">
			<Option compilerVar="CC" />
		</Unit>
		<Unit filename="test/test_handranking.c">
			<Option compilerVar="CC" />
		</Unit>
		<Unit filename="test/test_messages.c">
			<Option compilerVar="CC" />
		</Unit>
		<Unit filename="test/test_player.c">
			<Option compilerVar="CC" />
		</Unit>
		<Unit filename="test/test_playerio.c">
			<Option compilerVar="CC" />
		</Unit>
		<Unit filename="test/test_playingcard.c">
			<Option compilerVar="CC" />
		</Unit>
		<Unit filename="test/test_utils.c">
			<Option compilerVar="CC" />
		</Unit>
		<Extensions />
	</Project>
</CodeBlocks_project_file>
